// !$*UTF8*$!
{
	archiveVersion = 1;
	classes = {
	};
	objectVersion = 77;
	objects = {

/* Begin PBXBuildFile section */
		242F7F512D8F14830007B73B /* EspBlufi_API_Interface_for_iOS__cn.md in Resources */ = {isa = PBXBuildFile; fileRef = 242F7F4C2D8F14830007B73B /* EspBlufi_API_Interface_for_iOS__cn.md */; };
		242F7F522D8F14830007B73B /* sleepaceSDK.txt in Resources */ = {isa = PBXBuildFile; fileRef = 242F7F4D2D8F14830007B73B /* sleepaceSDK.txt */; };
		242F7F532D8F14830007B73B /* treeBleForiOS.txt in Resources */ = {isa = PBXBuildFile; fileRef = 242F7F4E2D8F14830007B73B /* treeBleForiOS.txt */; };
/* End PBXBuildFile section */

/* Begin PBXFileReference section */
		242F7F4B2D8F14830007B73B /* BleForiOS.xcodeproj */ = {isa = PBXFileReference; lastKnownFileType = "wrapper.pb-project"; path = BleForiOS.xcodeproj; sourceTree = "<group>"; };
		242F7F4C2D8F14830007B73B /* EspBlufi_API_Interface_for_iOS__cn.md */ = {isa = PBXFileReference; lastKnownFileType = net.daringfireball.markdown; path = EspBlufi_API_Interface_for_iOS__cn.md; sourceTree = "<group>"; };
		242F7F4D2D8F14830007B73B /* sleepaceSDK.txt */ = {isa = PBXFileReference; lastKnownFileType = text; path = sleepaceSDK.txt; sourceTree = "<group>"; };
		242F7F4E2D8F14830007B73B /* treeBleForiOS.txt */ = {isa = PBXFileReference; lastKnownFileType = text; path = treeBleForiOS.txt; sourceTree = "<group>"; };
		249F0EA72D8DFB2600381A26 /* BleForiOS.app */ = {isa = PBXFileReference; explicitFileType = wrapper.application; includeInIndex = 0; path = BleForiOS.app; sourceTree = BUILT_PRODUCTS_DIR; };
/* End PBXFileReference section */

/* Begin PBXFileSystemSynchronizedBuildFileExceptionSet section */
		242F7F562D8F1EDC0007B73B /* Exceptions for "BleForiOS" folder in "BleForiOS" target */ = {
			isa = PBXFileSystemSynchronizedBuildFileExceptionSet;
			membershipExceptions = (
				Info.plist,
			);
			target = 249F0EA62D8DFB2600381A26 /* BleForiOS */;
		};
/* End PBXFileSystemSynchronizedBuildFileExceptionSet section */

/* Begin PBXFileSystemSynchronizedRootGroup section */
		249F0EA92D8DFB2600381A26 /* BleForiOS */ = {
			isa = PBXFileSystemSynchronizedRootGroup;
			exceptions = (
				242F7F562D8F1EDC0007B73B /* Exceptions for "BleForiOS" folder in "BleForiOS" target */,
			);
			path = BleForiOS;
			sourceTree = "<group>";
		};
/* End PBXFileSystemSynchronizedRootGroup section */

/* Begin PBXFrameworksBuildPhase section */
		249F0EA42D8DFB2600381A26 /* Frameworks */ = {
			isa = PBXFrameworksBuildPhase;
			buildActionMask = 2147483647;
			files = (
			);
			runOnlyForDeploymentPostprocessing = 0;
		};
/* End PBXFrameworksBuildPhase section */

/* Begin PBXGroup section */
		242F7F4F2D8F14830007B73B /* Products */ = {
			isa = PBXGroup;
			name = Products;
			sourceTree = "<group>";
		};
		249F0E9E2D8DFB2600381A26 = {
			isa = PBXGroup;
			children = (
				242F7F4B2D8F14830007B73B /* BleForiOS.xcodeproj */,
				242F7F4C2D8F14830007B73B /* EspBlufi_API_Interface_for_iOS__cn.md */,
				242F7F4D2D8F14830007B73B /* sleepaceSDK.txt */,
				242F7F4E2D8F14830007B73B /* treeBleForiOS.txt */,
				249F0EA92D8DFB2600381A26 /* BleForiOS */,
				249F0EA82D8DFB2600381A26 /* Products */,
			);
			sourceTree = "<group>";
		};
		249F0EA82D8DFB2600381A26 /* Products */ = {
			isa = PBXGroup;
			children = (
				249F0EA72D8DFB2600381A26 /* BleForiOS.app */,
			);
			name = Products;
			sourceTree = "<group>";
		};
/* End PBXGroup section */

/* Begin PBXNativeTarget section */
		249F0EA62D8DFB2600381A26 /* BleForiOS */ = {
			isa = PBXNativeTarget;
			buildConfigurationList = 249F0EBF2D8DFB2800381A26 /* Build configuration list for PBXNativeTarget "BleForiOS" */;
			buildPhases = (
				249F0EA32D8DFB2600381A26 /* Sources */,
				249F0EA42D8DFB2600381A26 /* Frameworks */,
				249F0EA52D8DFB2600381A26 /* Resources */,
			);
			buildRules = (
			);
			dependencies = (
			);
			fileSystemSynchronizedGroups = (
				249F0EA92D8DFB2600381A26 /* BleForiOS */,
			);
			name = BleForiOS;
			packageProductDependencies = (
			);
			productName = BleForiOS;
			productReference = 249F0EA72D8DFB2600381A26 /* BleForiOS.app */;
			productType = "com.apple.product-type.application";
		};
/* End PBXNativeTarget section */

/* Begin PBXProject section */
		249F0E9F2D8DFB2600381A26 /* Project object */ = {
			isa = PBXProject;
			attributes = {
				BuildIndependentTargetsInParallel = 1;
				LastUpgradeCheck = 1620;
				TargetAttributes = {
					249F0EA62D8DFB2600381A26 = {
						CreatedOnToolsVersion = 16.2;
					};
				};
			};
			buildConfigurationList = 249F0EA22D8DFB2600381A26 /* Build configuration list for PBXProject "BleForiOS" */;
			developmentRegion = en;
			hasScannedForEncodings = 0;
			knownRegions = (
				en,
				Base,
				"zh-Hans",
			);
			mainGroup = 249F0E9E2D8DFB2600381A26;
			minimizedProjectReferenceProxies = 1;
			preferredProjectObjectVersion = 77;
			productRefGroup = 249F0EA82D8DFB2600381A26 /* Products */;
			projectDirPath = "";
			projectReferences = (
				{
					ProductGroup = 242F7F4F2D8F14830007B73B /* Products */;
					ProjectRef = 242F7F4B2D8F14830007B73B /* BleForiOS.xcodeproj */;
				},
			);
			projectRoot = "";
			targets = (
				249F0EA62D8DFB2600381A26 /* BleForiOS */,
			);
		};
/* End PBXProject section */

/* Begin PBXResourcesBuildPhase section */
		249F0EA52D8DFB2600381A26 /* Resources */ = {
			isa = PBXResourcesBuildPhase;
			buildActionMask = 2147483647;
			files = (
				242F7F512D8F14830007B73B /* EspBlufi_API_Interface_for_iOS__cn.md in Resources */,
				242F7F522D8F14830007B73B /* sleepaceSDK.txt in Resources */,
				242F7F532D8F14830007B73B /* treeBleForiOS.txt in Resources */,
			);
			runOnlyForDeploymentPostprocessing = 0;
		};
/* End PBXResourcesBuildPhase section */

/* Begin PBXSourcesBuildPhase section */
		249F0EA32D8DFB2600381A26 /* Sources */ = {
			isa = PBXSourcesBuildPhase;
			buildActionMask = 2147483647;
			files = (
			);
			runOnlyForDeploymentPostprocessing = 0;
		};
/* End PBXSourcesBuildPhase section */

/* Begin XCBuildConfiguration section */
		249F0EC02D8DFB2800381A26 /* Debug */ = {
			isa = XCBuildConfiguration;
			buildSettings = {
				ASSETCATALOG_COMPILER_APPICON_NAME = AppIcon;
				ASSETCATALOG_COMPILER_GLOBAL_ACCENT_COLOR_NAME = AccentColor;
				ASSETCATALOG_COMPILER_INCLUDE_ALL_APPICON_ASSETS = NO;
				CODE_SIGN_IDENTITY = "Apple Development";
				CODE_SIGN_STYLE = Automatic;
				CURRENT_PROJECT_VERSION = 1;
				DEVELOPMENT_TEAM = SN46FP38T7;
				FRAMEWORK_SEARCH_PATHS = (
					"$(PROJECT_DIR)/BleForiOS/sdkSleepace/**",
					"$(PROJECT_DIR)/BleForiOS/sdkSleepace",
					"$(PROJECT_DIR)/BleForiOS/sdpSleepace",
				);
				GENERATE_INFOPLIST_FILE = NO;
				HEADER_SEARCH_PATHS = (
					"$(PROJECT_DIR)/BleForiOS/sdkEsp/Security/openssl/include",
					"$(PROJECT_DIR)/BleForiOS/sdkEsp",
				);
				INFOPLIST_FILE = "$(SRCROOT)/BleForiOS/Info.plist";
				INFOPLIST_KEY_CFBundleDisplayName = WisefidoBle;
				INFOPLIST_KEY_UIApplicationSupportsIndirectInputEvents = YES;
				INFOPLIST_KEY_UILaunchStoryboardName = LaunchScreen;
				INFOPLIST_KEY_UIMainStoryboardFile = Main;
				INFOPLIST_KEY_UIStatusBarStyle = "";
				INFOPLIST_KEY_UISupportedInterfaceOrientations_iPad = "UIInterfaceOrientationPortrait UIInterfaceOrientationPortraitUpsideDown UIInterfaceOrientationLandscapeLeft UIInterfaceOrientationLandscapeRight";
				INFOPLIST_KEY_UISupportedInterfaceOrientations_iPhone = "UIInterfaceOrientationPortrait UIInterfaceOrientationLandscapeLeft UIInterfaceOrientationLandscapeRight";
				IPHONEOS_DEPLOYMENT_TARGET = 15.6;
				LD_RUNPATH_SEARCH_PATHS = (
					"$(inherited)",
					"@executable_path/Frameworks",
				);
				LIBRARY_SEARCH_PATHS = (
					"$(inherited)",
					"$(PROJECT_DIR)/BleForiOS/sdkEsp/Security/openssl/include/**",
					"$(PROJECT_DIR)/BleForiOS/sdkEsp/Security/openssl",
				);
				MARKETING_VERSION = 1.0;
				PRODUCT_BUNDLE_IDENTIFIER = com.wisefido.BleForiOS;
				PRODUCT_NAME = "$(TARGET_NAME)";
				PROVISIONING_PROFILE_SPECIFIER = "";
				SWIFT_EMIT_LOC_STRINGS = YES;
				TARGETED_DEVICE_FAMILY = "1,2";
			};
			name = Debug;
		};
		249F0EC12D8DFB2800381A26 /* Release */ = {
			isa = XCBuildConfiguration;
			buildSettings = {
				ASSETCATALOG_COMPILER_APPICON_NAME = AppIcon;
				ASSETCATALOG_COMPILER_GLOBAL_ACCENT_COLOR_NAME = AccentColor;
				ASSETCATALOG_COMPILER_INCLUDE_ALL_APPICON_ASSETS = NO;
				CODE_SIGN_IDENTITY = "Apple Development";
				CODE_SIGN_STYLE = Automatic;
				CURRENT_PROJECT_VERSION = 1;
				DEVELOPMENT_TEAM = SN46FP38T7;
				FRAMEWORK_SEARCH_PATHS = (
					"$(PROJECT_DIR)/BleForiOS/sdkSleepace/**",
					"$(PROJECT_DIR)/BleForiOS/sdkSleepace",
					"$(PROJECT_DIR)/BleForiOS/sdpSleepace",
				);
				GENERATE_INFOPLIST_FILE = NO;
				HEADER_SEARCH_PATHS = (
					"$(PROJECT_DIR)/BleForiOS/sdkEsp/Security/openssl/include",
					"$(PROJECT_DIR)/BleForiOS/sdkEsp",
				);
				INFOPLIST_FILE = "$(SRCROOT)/BleForiOS/Info.plist";
				INFOPLIST_KEY_CFBundleDisplayName = WisefidoBle;
				INFOPLIST_KEY_UIApplicationSupportsIndirectInputEvents = YES;
				INFOPLIST_KEY_UILaunchStoryboardName = LaunchScreen;
				INFOPLIST_KEY_UIMainStoryboardFile = Main;
				INFOPLIST_KEY_UIStatusBarStyle = "";
				INFOPLIST_KEY_UISupportedInterfaceOrientations_iPad = "UIInterfaceOrientationPortrait UIInterfaceOrientationPortraitUpsideDown UIInterfaceOrientationLandscapeLeft UIInterfaceOrientationLandscapeRight";
				INFOPLIST_KEY_UISupportedInterfaceOrientations_iPhone = "UIInterfaceOrientationPortrait UIInterfaceOrientationLandscapeLeft UIInterfaceOrientationLandscapeRight";
				IPHONEOS_DEPLOYMENT_TARGET = 15.6;
				LD_RUNPATH_SEARCH_PATHS = (
					"$(inherited)",
					"@executable_path/Frameworks",
				);
				LIBRARY_SEARCH_PATHS = (
					"$(inherited)",
					"$(PROJECT_DIR)/BleForiOS/sdkEsp/Security/openssl/include/**",
					"$(PROJECT_DIR)/BleForiOS/sdkEsp/Security/openssl",
				);
				MARKETING_VERSION = 1.0;
				PRODUCT_BUNDLE_IDENTIFIER = com.wisefido.BleForiOS;
				PRODUCT_NAME = "$(TARGET_NAME)";
				PROVISIONING_PROFILE_SPECIFIER = "";
				SWIFT_EMIT_LOC_STRINGS = YES;
				TARGETED_DEVICE_FAMILY = "1,2";
			};
			name = Release;
		};
		249F0EC22D8DFB2800381A26 /* Debug */ = {
			isa = XCBuildConfiguration;
			buildSettings = {
				ALWAYS_SEARCH_USER_PATHS = NO;
				ASSETCATALOG_COMPILER_GENERATE_SWIFT_ASSET_SYMBOL_EXTENSIONS = YES;
				CLANG_ANALYZER_NONNULL = YES;
				CLANG_ANALYZER_NUMBER_OBJECT_CONVERSION = YES_AGGRESSIVE;
				CLANG_CXX_LANGUAGE_STANDARD = "gnu++20";
				CLANG_ENABLE_MODULES = YES;
				CLANG_ENABLE_OBJC_ARC = YES;
				CLANG_ENABLE_OBJC_WEAK = YES;
				CLANG_WARN_BLOCK_CAPTURE_AUTORELEASING = YES;
				CLANG_WARN_BOOL_CONVERSION = YES;
				CLANG_WARN_COMMA = YES;
				CLANG_WARN_CONSTANT_CONVERSION = YES;
				CLANG_WARN_DEPRECATED_OBJC_IMPLEMENTATIONS = YES;
				CLANG_WARN_DIRECT_OBJC_ISA_USAGE = YES_ERROR;
				CLANG_WARN_DOCUMENTATION_COMMENTS = YES;
				CLANG_WARN_EMPTY_BODY = YES;
				CLANG_WARN_ENUM_CONVERSION = YES;
				CLANG_WARN_INFINITE_RECURSION = YES;
				CLANG_WARN_INT_CONVERSION = YES;
				CLANG_WARN_NON_LITERAL_NULL_CONVERSION = YES;
				CLANG_WARN_OBJC_IMPLICIT_RETAIN_SELF = YES;
				CLANG_WARN_OBJC_LITERAL_CONVERSION = YES;
				CLANG_WARN_OBJC_ROOT_CLASS = YES_ERROR;
				CLANG_WARN_QUOTED_INCLUDE_IN_FRAMEWORK_HEADER = YES;
				CLANG_WARN_RANGE_LOOP_ANALYSIS = YES;
				CLANG_WARN_STRICT_PROTOTYPES = YES;
				CLANG_WARN_SUSPICIOUS_MOVE = YES;
				CLANG_WARN_UNGUARDED_AVAILABILITY = YES_AGGRESSIVE;
				CLANG_WARN_UNREACHABLE_CODE = YES;
				CLANG_WARN__DUPLICATE_METHOD_MATCH = YES;
				COPY_PHASE_STRIP = NO;
				DEBUG_INFORMATION_FORMAT = dwarf;
				ENABLE_STRICT_OBJC_MSGSEND = YES;
				ENABLE_TESTABILITY = YES;
				ENABLE_USER_SCRIPT_SANDBOXING = YES;
				FRAMEWORK_SEARCH_PATHS = (
					"$(PROJECT_DIR)/BleForiOS/sdkSleepace/BLEWifiConfig",
					"$(PROJECT_DIR)/BleForiOS/sdkSleepace/BluetoothManager",
					"$(PROJECT_DIR)/BleForiOS/sdkSleepace/SLPCommon",
				);
				GCC_C_LANGUAGE_STANDARD = gnu17;
				GCC_DYNAMIC_NO_PIC = NO;
				GCC_NO_COMMON_BLOCKS = YES;
				GCC_OPTIMIZATION_LEVEL = 0;
				GCC_PREPROCESSOR_DEFINITIONS = (
					"DEBUG=1",
					"$(inherited)",
				);
				GCC_WARN_64_TO_32_BIT_CONVERSION = YES;
				GCC_WARN_ABOUT_RETURN_TYPE = YES_ERROR;
				GCC_WARN_UNDECLARED_SELECTOR = YES;
				GCC_WARN_UNINITIALIZED_AUTOS = YES_AGGRESSIVE;
				GCC_WARN_UNUSED_FUNCTION = YES;
				GCC_WARN_UNUSED_VARIABLE = YES;
				HEADER_SEARCH_PATHS = (
					"$(PROJECT_DIR)/BleForiOS/sdkEsp/Security/openssl/include",
					"$(PROJECT_DIR)/BleForiOS/sdkEsp/**",
				);
				IPHONEOS_DEPLOYMENT_TARGET = 18.2;
				LOCALIZATION_PREFERS_STRING_CATALOGS = YES;
				MTL_ENABLE_DEBUG_INFO = INCLUDE_SOURCE;
				MTL_FAST_MATH = YES;
				ONLY_ACTIVE_ARCH = YES;
				SDKROOT = iphoneos;
			};
			name = Debug;
		};
		249F0EC32D8DFB2800381A26 /* Release */ = {
			isa = XCBuildConfiguration;
			buildSettings = {
				ALWAYS_SEARCH_USER_PATHS = NO;
				ASSETCATALOG_COMPILER_GENERATE_SWIFT_ASSET_SYMBOL_EXTENSIONS = YES;
				CLANG_ANALYZER_NONNULL = YES;
				CLANG_ANALYZER_NUMBER_OBJECT_CONVERSION = YES_AGGRESSIVE;
				CLANG_CXX_LANGUAGE_STANDARD = "gnu++20";
				CLANG_ENABLE_MODULES = YES;
				CLANG_ENABLE_OBJC_ARC = YES;
				CLANG_ENABLE_OBJC_WEAK = YES;
				CLANG_WARN_BLOCK_CAPTURE_AUTORELEASING = YES;
				CLANG_WARN_BOOL_CONVERSION = YES;
				CLANG_WARN_COMMA = YES;
				CLANG_WARN_CONSTANT_CONVERSION = YES;
				CLANG_WARN_DEPRECATED_OBJC_IMPLEMENTATIONS = YES;
				CLANG_WARN_DIRECT_OBJC_ISA_USAGE = YES_ERROR;
				CLANG_WARN_DOCUMENTATION_COMMENTS = YES;
				CLANG_WARN_EMPTY_BODY = YES;
				CLANG_WARN_ENUM_CONVERSION = YES;
				CLANG_WARN_INFINITE_RECURSION = YES;
				CLANG_WARN_INT_CONVERSION = YES;
				CLANG_WARN_NON_LITERAL_NULL_CONVERSION = YES;
				CLANG_WARN_OBJC_IMPLICIT_RETAIN_SELF = YES;
				CLANG_WARN_OBJC_LITERAL_CONVERSION = YES;
				CLANG_WARN_OBJC_ROOT_CLASS = YES_ERROR;
				CLANG_WARN_QUOTED_INCLUDE_IN_FRAMEWORK_HEADER = YES;
				CLANG_WARN_RANGE_LOOP_ANALYSIS = YES;
				CLANG_WARN_STRICT_PROTOTYPES = YES;
				CLANG_WARN_SUSPICIOUS_MOVE = YES;
				CLANG_WARN_UNGUARDED_AVAILABILITY = YES_AGGRESSIVE;
				CLANG_WARN_UNREACHABLE_CODE = YES;
				CLANG_WARN__DUPLICATE_METHOD_MATCH = YES;
				COPY_PHASE_STRIP = NO;
				DEBUG_INFORMATION_FORMAT = "dwarf-with-dsym";
				ENABLE_NS_ASSERTIONS = NO;
				ENABLE_STRICT_OBJC_MSGSEND = YES;
				ENABLE_USER_SCRIPT_SANDBOXING = YES;
				FRAMEWORK_SEARCH_PATHS = (
					"$(PROJECT_DIR)/BleForiOS/sdkSleepace/BLEWifiConfig",
					"$(PROJECT_DIR)/BleForiOS/sdkSleepace/BluetoothManager",
					"$(PROJECT_DIR)/BleForiOS/sdkSleepace/SLPCommon",
				);
				GCC_C_LANGUAGE_STANDARD = gnu17;
				GCC_NO_COMMON_BLOCKS = YES;
				GCC_WARN_64_TO_32_BIT_CONVERSION = YES;
				GCC_WARN_ABOUT_RETURN_TYPE = YES_ERROR;
				GCC_WARN_UNDECLARED_SELECTOR = YES;
				GCC_WARN_UNINITIALIZED_AUTOS = YES_AGGRESSIVE;
				GCC_WARN_UNUSED_FUNCTION = YES;
				GCC_WARN_UNUSED_VARIABLE = YES;
				HEADER_SEARCH_PATHS = (
					"$(PROJECT_DIR)/BleForiOS/sdkEsp/Security/openssl/include",
					"$(PROJECT_DIR)/BleForiOS/sdkEsp/**",
				);
				IPHONEOS_DEPLOYMENT_TARGET = 18.2;
				LOCALIZATION_PREFERS_STRING_CATALOGS = YES;
				MTL_ENABLE_DEBUG_INFO = NO;
				MTL_FAST_MATH = YES;
				SDKROOT = iphoneos;
				VALIDATE_PRODUCT = YES;
			};
			name = Release;
		};
/* End XCBuildConfiguration section */

/* Begin XCConfigurationList section */
		249F0EA22D8DFB2600381A26 /* Build configuration list for PBXProject "BleForiOS" */ = {
			isa = XCConfigurationList;
			buildConfigurations = (
				249F0EC22D8DFB2800381A26 /* Debug */,
				249F0EC32D8DFB2800381A26 /* Release */,
			);
			defaultConfigurationIsVisible = 0;
			defaultConfigurationName = Release;
		};
		249F0EBF2D8DFB2800381A26 /* Build configuration list for PBXNativeTarget "BleForiOS" */ = {
			isa = XCConfigurationList;
			buildConfigurations = (
				249F0EC02D8DFB2800381A26 /* Debug */,
				249F0EC12D8DFB2800381A26 /* Release */,
			);
			defaultConfigurationIsVisible = 0;
			defaultConfigurationName = Release;
		};
/* End XCConfigurationList section */
	};
	rootObject = 249F0E9F2D8DFB2600381A26 /* Project object */;
}
